
Microsoft Visual Studio Solution File, Format Version 12.00
# Visual Studio Version 17
VisualStudioVersion = 17.1.32228.430
MinimumVisualStudioVersion = 10.0.40219.1
Project("{8BC9CEB8-8B4A-11D0-8D11-00A0C91BC942}") = "Predavanje01", "Predavanje01\Predavanje01.vcxproj", "{35E57F94-3D8D-46C5-9488-6A252F8242EC}"
EndProject
Project("{8BC9CEB8-8B4A-11D0-8D11-00A0C91BC942}") = "LaboratorijskaVjezba00", "LaboratorijskaVjezba00\LaboratorijskaVjezba00.vcxproj", "{E9BBBB51-B9A5-4BD2-8039-32A123A46B48}"
EndProject
Project("{8BC9CEB8-8B4A-11D0-8D11-00A0C91BC942}") = "Predavanje02", "Predavanje02\Predavanje02.vcxproj", "{D7366684-FEC9-47F9-8AB6-8A899747C91F}"
EndProject
Project("{8BC9CEB8-8B4A-11D0-8D11-00A0C91BC942}") = "LaboratorijskaVjezba01", "LaboratorijskaVjezba01\LaboratorijskaVjezba01.vcxproj", "{001977DD-1B64-4A3A-850A-EBB50941337E}"
EndProject
Project("{8BC9CEB8-8B4A-11D0-8D11-00A0C91BC942}") = "Predavanje03", "Predavanje03\Predavanje03.vcxproj", "{1926E1A3-F6C4-4628-8216-6AED11621991}"
EndProject
Project("{8BC9CEB8-8B4A-11D0-8D11-00A0C91BC942}") = "LaboratorijskaVjezba02", "LaboratorijskaVjezba02\LaboratorijskaVjezba02.vcxproj", "{64D740BE-5CCE-4020-87FF-5C4CB72F5046}"
EndProject
Project("{8BC9CEB8-8B4A-11D0-8D11-00A0C91BC942}") = "Predavanje04", "Predavanje04\Predavanje04.vcxproj", "{B7A4C385-844B-4367-A0AC-F8DDD50DF197}"
EndProject
Project("{8BC9CEB8-8B4A-11D0-8D11-00A0C91BC942}") = "LaboratorijskaVjezba03", "LaboratorijskaVjezba03\LaboratorijskaVjezba03.vcxproj", "{15301E31-F6B5-4628-A7C2-EA3AD4680824}"
EndProject
Project("{8BC9CEB8-8B4A-11D0-8D11-00A0C91BC942}") = "01_Kompleksni-broj", "Vjezba\01_Kompleksni-broj\01_Kompleksni-broj.vcxproj", "{635A2F85-1747-46A4-9408-C11E48640FD4}"
EndProject
Project("{8BC9CEB8-8B4A-11D0-8D11-00A0C91BC942}") = "02_Prosjek-ocjena", "Vjezba\02_Prosjek-ocjena\02_Prosjek-ocjena.vcxproj", "{7B5B7248-5F9C-4E4D-A4B0-F6491BDA10E9}"
EndProject
Project("{2150E333-8FDC-42A3-9474-1A3956D46DE8}") = "Vjezba", "Vjezba", "{C16D6B05-1A04-4E6D-9B80-06DB4CDCB3D7}"
EndProject
Project("{8BC9CEB8-8B4A-11D0-8D11-00A0C91BC942}") = "03_Evidencija-garaza", "Vjezba\03_Evidencija-garaza\03_Evidencija-garaza.vcxproj", "{04A55D67-4B4E-466A-A961-11C2D9C402F3}"
EndProject
Project("{8BC9CEB8-8B4A-11D0-8D11-00A0C91BC942}") = "05_Studenti-i-bodovi", "Vjezba\05_Studenti-i-bodovi\05_Studenti-i-bodovi.vcxproj", "{C436069D-C3BC-4E89-8767-D4AE85DE52FF}"
EndProject
Project("{8BC9CEB8-8B4A-11D0-8D11-00A0C91BC942}") = "04_Racuni-i-artikli", "Vjezba\04_Racuni-i-artikli\04_Racuni-i-artikli.vcxproj", "{62E25874-715A-4937-93DE-408C9E7BC987}"
EndProject
Project("{8BC9CEB8-8B4A-11D0-8D11-00A0C91BC942}") = "06_Kartaski-spil", "Vjezba\06_Kartaski-spil\06_Kartaski-spil.vcxproj", "{A71662C9-496F-4075-AA9F-068137D81AAF}"
EndProject
Project("{8BC9CEB8-8B4A-11D0-8D11-00A0C91BC942}") = "07_Bankovni-racun", "Vjezba\07_Bankovni-racun\07_Bankovni-racun.vcxproj", "{9099AA06-2081-4E59-938E-8EE45B6EEEFA}"
EndProject
Project("{8BC9CEB8-8B4A-11D0-8D11-00A0C91BC942}") = "09_Student", "Vjezba\09_Student\09_Student.vcxproj", "{4C35A303-6D1F-46C4-B22E-3E08F757D25E}"
EndProject
Project("{8BC9CEB8-8B4A-11D0-8D11-00A0C91BC942}") = "08_Najstarija-osoba", "Vjezba\08_Najstarija-osoba\08_Najstarija-osoba.vcxproj", "{9B36670D-6671-4A03-8853-088F40C9C6D9}"
EndProject
Project("{8BC9CEB8-8B4A-11D0-8D11-00A0C91BC942}") = "10_Ucenik-i-razred", "Vjezba\10_Ucenik-i-razred\10_Ucenik-i-razred.vcxproj", "{543713F6-8F4A-4B83-8F3A-DEB77FD844CC}"
EndProject
Project("{8BC9CEB8-8B4A-11D0-8D11-00A0C91BC942}") = "Nepravilna_matrica", "Vjezba\Nepravilna_matrica\Nepravilna_matrica.vcxproj", "{E4FF7DA2-5650-46C8-BA23-40E662AD332E}"
EndProject
Project("{8BC9CEB8-8B4A-11D0-8D11-00A0C91BC942}") = "Ekipa_i_igrac", "Vjezba\Ekipa_i_igrac\Ekipa_i_igrac.vcxproj", "{9297E8D9-18B7-4857-8D8A-A75C732E3E63}"
EndProject
Project("{8BC9CEB8-8B4A-11D0-8D11-00A0C91BC942}") = "11_Objekt-ID", "Vjezba\11_Objekt-ID\11_Objekt-ID.vcxproj", "{E991D6CD-C26E-408E-8326-604A6D02A939}"
EndProject
Project("{8BC9CEB8-8B4A-11D0-8D11-00A0C91BC942}") = "12_Slika", "Vjezba\12_Slika\12_Slika.vcxproj", "{C175533D-D16F-4C4C-9001-6A7322516EC2}"
EndProject
Project("{8BC9CEB8-8B4A-11D0-8D11-00A0C91BC942}") = "13_Matematicka-operacija", "Vjezba\13_Matematicka-operacija\13_Matematicka-operacija.vcxproj", "{6B40093F-3398-42FC-91CB-065E834D6E0A}"
EndProject
Project("{8BC9CEB8-8B4A-11D0-8D11-00A0C91BC942}") = "Meteorologija", "Vjezba\Meteorologija\Meteorologija.vcxproj", "{39E1C9BF-6D16-44DB-AF5A-B53854B015F0}"
EndProject
Project("{8BC9CEB8-8B4A-11D0-8D11-00A0C91BC942}") = "Lutrija", "Vjezba\Lutrija\Lutrija.vcxproj", "{7D00FB70-2106-4833-B9B2-90230DAFA110}"
EndProject
Project("{8BC9CEB8-8B4A-11D0-8D11-00A0C91BC942}") = "Rakete", "Vjezba\Rakete\Rakete.vcxproj", "{6CFC1A30-1024-406D-A192-D4373053B626}"
EndProject
Project("{8BC9CEB8-8B4A-11D0-8D11-00A0C91BC942}") = "Predavanje05", "Predavanje05\Predavanje05.vcxproj", "{BD1F5C97-FB76-4E3E-BAAC-A9D19642B853}"
EndProject
Project("{8BC9CEB8-8B4A-11D0-8D11-00A0C91BC942}") = "Vrt", "Vjezba\Vrt\Vrt.vcxproj", "{643C0E28-7A72-4C8B-8099-DE9790B62C68}"
EndProject
Project("{8BC9CEB8-8B4A-11D0-8D11-00A0C91BC942}") = "LaboratorijskaVjezba04", "LaboratorijskaVjezba04\LaboratorijskaVjezba04.vcxproj", "{770CF292-8A24-45D6-A16D-26666C4F1434}"
EndProject
Project("{8BC9CEB8-8B4A-11D0-8D11-00A0C91BC942}") = "LaboratorijskaVjezba05", "LaboratorijskaVjezba05\LaboratorijskaVjezba05.vcxproj", "{5CD56E7E-C317-4426-8A48-1D44CFB2EA64}"
EndProject
Project("{8BC9CEB8-8B4A-11D0-8D11-00A0C91BC942}") = "14_Kompleksni-broj", "Vjezba\14_Kompleksni-broj\14_Kompleksni-broj.vcxproj", "{99A491BA-BBA8-474B-B744-20863867A857}"
EndProject
Project("{8BC9CEB8-8B4A-11D0-8D11-00A0C91BC942}") = "Predavanje06", "Predavanje06\Predavanje06.vcxproj", "{025F4797-F6CB-4976-966C-B8B145039D16}"
EndProject
Global
	GlobalSection(SolutionConfigurationPlatforms) = preSolution
		Debug|x64 = Debug|x64
		Debug|x86 = Debug|x86
		Release|x64 = Release|x64
		Release|x86 = Release|x86
	EndGlobalSection
	GlobalSection(ProjectConfigurationPlatforms) = postSolution
		{35E57F94-3D8D-46C5-9488-6A252F8242EC}.Debug|x64.ActiveCfg = Debug|x64
		{35E57F94-3D8D-46C5-9488-6A252F8242EC}.Debug|x64.Build.0 = Debug|x64
		{35E57F94-3D8D-46C5-9488-6A252F8242EC}.Debug|x86.ActiveCfg = Debug|Win32
		{35E57F94-3D8D-46C5-9488-6A252F8242EC}.Debug|x86.Build.0 = Debug|Win32
		{35E57F94-3D8D-46C5-9488-6A252F8242EC}.Release|x64.ActiveCfg = Release|x64
		{35E57F94-3D8D-46C5-9488-6A252F8242EC}.Release|x64.Build.0 = Release|x64
		{35E57F94-3D8D-46C5-9488-6A252F8242EC}.Release|x86.ActiveCfg = Release|Win32
		{35E57F94-3D8D-46C5-9488-6A252F8242EC}.Release|x86.Build.0 = Release|Win32
		{E9BBBB51-B9A5-4BD2-8039-32A123A46B48}.Debug|x64.ActiveCfg = Debug|x64
		{E9BBBB51-B9A5-4BD2-8039-32A123A46B48}.Debug|x64.Build.0 = Debug|x64
		{E9BBBB51-B9A5-4BD2-8039-32A123A46B48}.Debug|x86.ActiveCfg = Debug|Win32
		{E9BBBB51-B9A5-4BD2-8039-32A123A46B48}.Debug|x86.Build.0 = Debug|Win32
		{E9BBBB51-B9A5-4BD2-8039-32A123A46B48}.Release|x64.ActiveCfg = Release|x64
		{E9BBBB51-B9A5-4BD2-8039-32A123A46B48}.Release|x64.Build.0 = Release|x64
		{E9BBBB51-B9A5-4BD2-8039-32A123A46B48}.Release|x86.ActiveCfg = Release|Win32
		{E9BBBB51-B9A5-4BD2-8039-32A123A46B48}.Release|x86.Build.0 = Release|Win32
		{D7366684-FEC9-47F9-8AB6-8A899747C91F}.Debug|x64.ActiveCfg = Debug|x64
		{D7366684-FEC9-47F9-8AB6-8A899747C91F}.Debug|x64.Build.0 = Debug|x64
		{D7366684-FEC9-47F9-8AB6-8A899747C91F}.Debug|x86.ActiveCfg = Debug|Win32
		{D7366684-FEC9-47F9-8AB6-8A899747C91F}.Debug|x86.Build.0 = Debug|Win32
		{D7366684-FEC9-47F9-8AB6-8A899747C91F}.Release|x64.ActiveCfg = Release|x64
		{D7366684-FEC9-47F9-8AB6-8A899747C91F}.Release|x64.Build.0 = Release|x64
		{D7366684-FEC9-47F9-8AB6-8A899747C91F}.Release|x86.ActiveCfg = Release|Win32
		{D7366684-FEC9-47F9-8AB6-8A899747C91F}.Release|x86.Build.0 = Release|Win32
		{001977DD-1B64-4A3A-850A-EBB50941337E}.Debug|x64.ActiveCfg = Debug|x64
		{001977DD-1B64-4A3A-850A-EBB50941337E}.Debug|x64.Build.0 = Debug|x64
		{001977DD-1B64-4A3A-850A-EBB50941337E}.Debug|x86.ActiveCfg = Debug|Win32
		{001977DD-1B64-4A3A-850A-EBB50941337E}.Debug|x86.Build.0 = Debug|Win32
		{001977DD-1B64-4A3A-850A-EBB50941337E}.Release|x64.ActiveCfg = Release|x64
		{001977DD-1B64-4A3A-850A-EBB50941337E}.Release|x64.Build.0 = Release|x64
		{001977DD-1B64-4A3A-850A-EBB50941337E}.Release|x86.ActiveCfg = Release|Win32
		{001977DD-1B64-4A3A-850A-EBB50941337E}.Release|x86.Build.0 = Release|Win32
		{1926E1A3-F6C4-4628-8216-6AED11621991}.Debug|x64.ActiveCfg = Debug|x64
		{1926E1A3-F6C4-4628-8216-6AED11621991}.Debug|x64.Build.0 = Debug|x64
		{1926E1A3-F6C4-4628-8216-6AED11621991}.Debug|x86.ActiveCfg = Debug|Win32
		{1926E1A3-F6C4-4628-8216-6AED11621991}.Debug|x86.Build.0 = Debug|Win32
		{1926E1A3-F6C4-4628-8216-6AED11621991}.Release|x64.ActiveCfg = Release|x64
		{1926E1A3-F6C4-4628-8216-6AED11621991}.Release|x64.Build.0 = Release|x64
		{1926E1A3-F6C4-4628-8216-6AED11621991}.Release|x86.ActiveCfg = Release|Win32
		{1926E1A3-F6C4-4628-8216-6AED11621991}.Release|x86.Build.0 = Release|Win32
		{64D740BE-5CCE-4020-87FF-5C4CB72F5046}.Debug|x64.ActiveCfg = Debug|x64
		{64D740BE-5CCE-4020-87FF-5C4CB72F5046}.Debug|x64.Build.0 = Debug|x64
		{64D740BE-5CCE-4020-87FF-5C4CB72F5046}.Debug|x86.ActiveCfg = Debug|Win32
		{64D740BE-5CCE-4020-87FF-5C4CB72F5046}.Debug|x86.Build.0 = Debug|Win32
		{64D740BE-5CCE-4020-87FF-5C4CB72F5046}.Release|x64.ActiveCfg = Release|x64
		{64D740BE-5CCE-4020-87FF-5C4CB72F5046}.Release|x64.Build.0 = Release|x64
		{64D740BE-5CCE-4020-87FF-5C4CB72F5046}.Release|x86.ActiveCfg = Release|Win32
		{64D740BE-5CCE-4020-87FF-5C4CB72F5046}.Release|x86.Build.0 = Release|Win32
		{B7A4C385-844B-4367-A0AC-F8DDD50DF197}.Debug|x64.ActiveCfg = Debug|x64
		{B7A4C385-844B-4367-A0AC-F8DDD50DF197}.Debug|x64.Build.0 = Debug|x64
		{B7A4C385-844B-4367-A0AC-F8DDD50DF197}.Debug|x86.ActiveCfg = Debug|Win32
		{B7A4C385-844B-4367-A0AC-F8DDD50DF197}.Debug|x86.Build.0 = Debug|Win32
		{B7A4C385-844B-4367-A0AC-F8DDD50DF197}.Release|x64.ActiveCfg = Release|x64
		{B7A4C385-844B-4367-A0AC-F8DDD50DF197}.Release|x64.Build.0 = Release|x64
		{B7A4C385-844B-4367-A0AC-F8DDD50DF197}.Release|x86.ActiveCfg = Release|Win32
		{B7A4C385-844B-4367-A0AC-F8DDD50DF197}.Release|x86.Build.0 = Release|Win32
		{15301E31-F6B5-4628-A7C2-EA3AD4680824}.Debug|x64.ActiveCfg = Debug|x64
		{15301E31-F6B5-4628-A7C2-EA3AD4680824}.Debug|x64.Build.0 = Debug|x64
		{15301E31-F6B5-4628-A7C2-EA3AD4680824}.Debug|x86.ActiveCfg = Debug|Win32
		{15301E31-F6B5-4628-A7C2-EA3AD4680824}.Debug|x86.Build.0 = Debug|Win32
		{15301E31-F6B5-4628-A7C2-EA3AD4680824}.Release|x64.ActiveCfg = Release|x64
		{15301E31-F6B5-4628-A7C2-EA3AD4680824}.Release|x64.Build.0 = Release|x64
		{15301E31-F6B5-4628-A7C2-EA3AD4680824}.Release|x86.ActiveCfg = Release|Win32
		{15301E31-F6B5-4628-A7C2-EA3AD4680824}.Release|x86.Build.0 = Release|Win32
		{635A2F85-1747-46A4-9408-C11E48640FD4}.Debug|x64.ActiveCfg = Debug|x64
		{635A2F85-1747-46A4-9408-C11E48640FD4}.Debug|x64.Build.0 = Debug|x64
		{635A2F85-1747-46A4-9408-C11E48640FD4}.Debug|x86.ActiveCfg = Debug|Win32
		{635A2F85-1747-46A4-9408-C11E48640FD4}.Debug|x86.Build.0 = Debug|Win32
		{635A2F85-1747-46A4-9408-C11E48640FD4}.Release|x64.ActiveCfg = Release|x64
		{635A2F85-1747-46A4-9408-C11E48640FD4}.Release|x64.Build.0 = Release|x64
		{635A2F85-1747-46A4-9408-C11E48640FD4}.Release|x86.ActiveCfg = Release|Win32
		{635A2F85-1747-46A4-9408-C11E48640FD4}.Release|x86.Build.0 = Release|Win32
		{7B5B7248-5F9C-4E4D-A4B0-F6491BDA10E9}.Debug|x64.ActiveCfg = Debug|x64
		{7B5B7248-5F9C-4E4D-A4B0-F6491BDA10E9}.Debug|x64.Build.0 = Debug|x64
		{7B5B7248-5F9C-4E4D-A4B0-F6491BDA10E9}.Debug|x86.ActiveCfg = Debug|Win32
		{7B5B7248-5F9C-4E4D-A4B0-F6491BDA10E9}.Debug|x86.Build.0 = Debug|Win32
		{7B5B7248-5F9C-4E4D-A4B0-F6491BDA10E9}.Release|x64.ActiveCfg = Release|x64
		{7B5B7248-5F9C-4E4D-A4B0-F6491BDA10E9}.Release|x64.Build.0 = Release|x64
		{7B5B7248-5F9C-4E4D-A4B0-F6491BDA10E9}.Release|x86.ActiveCfg = Release|Win32
		{7B5B7248-5F9C-4E4D-A4B0-F6491BDA10E9}.Release|x86.Build.0 = Release|Win32
		{04A55D67-4B4E-466A-A961-11C2D9C402F3}.Debug|x64.ActiveCfg = Debug|x64
		{04A55D67-4B4E-466A-A961-11C2D9C402F3}.Debug|x64.Build.0 = Debug|x64
		{04A55D67-4B4E-466A-A961-11C2D9C402F3}.Debug|x86.ActiveCfg = Debug|Win32
		{04A55D67-4B4E-466A-A961-11C2D9C402F3}.Debug|x86.Build.0 = Debug|Win32
		{04A55D67-4B4E-466A-A961-11C2D9C402F3}.Release|x64.ActiveCfg = Release|x64
		{04A55D67-4B4E-466A-A961-11C2D9C402F3}.Release|x64.Build.0 = Release|x64
		{04A55D67-4B4E-466A-A961-11C2D9C402F3}.Release|x86.ActiveCfg = Release|Win32
		{04A55D67-4B4E-466A-A961-11C2D9C402F3}.Release|x86.Build.0 = Release|Win32
		{C436069D-C3BC-4E89-8767-D4AE85DE52FF}.Debug|x64.ActiveCfg = Debug|x64
		{C436069D-C3BC-4E89-8767-D4AE85DE52FF}.Debug|x64.Build.0 = Debug|x64
		{C436069D-C3BC-4E89-8767-D4AE85DE52FF}.Debug|x86.ActiveCfg = Debug|Win32
		{C436069D-C3BC-4E89-8767-D4AE85DE52FF}.Debug|x86.Build.0 = Debug|Win32
		{C436069D-C3BC-4E89-8767-D4AE85DE52FF}.Release|x64.ActiveCfg = Release|x64
		{C436069D-C3BC-4E89-8767-D4AE85DE52FF}.Release|x64.Build.0 = Release|x64
		{C436069D-C3BC-4E89-8767-D4AE85DE52FF}.Release|x86.ActiveCfg = Release|Win32
		{C436069D-C3BC-4E89-8767-D4AE85DE52FF}.Release|x86.Build.0 = Release|Win32
		{62E25874-715A-4937-93DE-408C9E7BC987}.Debug|x64.ActiveCfg = Debug|x64
		{62E25874-715A-4937-93DE-408C9E7BC987}.Debug|x64.Build.0 = Debug|x64
		{62E25874-715A-4937-93DE-408C9E7BC987}.Debug|x86.ActiveCfg = Debug|Win32
		{62E25874-715A-4937-93DE-408C9E7BC987}.Debug|x86.Build.0 = Debug|Win32
		{62E25874-715A-4937-93DE-408C9E7BC987}.Release|x64.ActiveCfg = Release|x64
		{62E25874-715A-4937-93DE-408C9E7BC987}.Release|x64.Build.0 = Release|x64
		{62E25874-715A-4937-93DE-408C9E7BC987}.Release|x86.ActiveCfg = Release|Win32
		{62E25874-715A-4937-93DE-408C9E7BC987}.Release|x86.Build.0 = Release|Win32
		{A71662C9-496F-4075-AA9F-068137D81AAF}.Debug|x64.ActiveCfg = Debug|x64
		{A71662C9-496F-4075-AA9F-068137D81AAF}.Debug|x64.Build.0 = Debug|x64
		{A71662C9-496F-4075-AA9F-068137D81AAF}.Debug|x86.ActiveCfg = Debug|Win32
		{A71662C9-496F-4075-AA9F-068137D81AAF}.Debug|x86.Build.0 = Debug|Win32
		{A71662C9-496F-4075-AA9F-068137D81AAF}.Release|x64.ActiveCfg = Release|x64
		{A71662C9-496F-4075-AA9F-068137D81AAF}.Release|x64.Build.0 = Release|x64
		{A71662C9-496F-4075-AA9F-068137D81AAF}.Release|x86.ActiveCfg = Release|Win32
		{A71662C9-496F-4075-AA9F-068137D81AAF}.Release|x86.Build.0 = Release|Win32
		{9099AA06-2081-4E59-938E-8EE45B6EEEFA}.Debug|x64.ActiveCfg = Debug|x64
		{9099AA06-2081-4E59-938E-8EE45B6EEEFA}.Debug|x64.Build.0 = Debug|x64
		{9099AA06-2081-4E59-938E-8EE45B6EEEFA}.Debug|x86.ActiveCfg = Debug|Win32
		{9099AA06-2081-4E59-938E-8EE45B6EEEFA}.Debug|x86.Build.0 = Debug|Win32
		{9099AA06-2081-4E59-938E-8EE45B6EEEFA}.Release|x64.ActiveCfg = Release|x64
		{9099AA06-2081-4E59-938E-8EE45B6EEEFA}.Release|x64.Build.0 = Release|x64
		{9099AA06-2081-4E59-938E-8EE45B6EEEFA}.Release|x86.ActiveCfg = Release|Win32
		{9099AA06-2081-4E59-938E-8EE45B6EEEFA}.Release|x86.Build.0 = Release|Win32
		{4C35A303-6D1F-46C4-B22E-3E08F757D25E}.Debug|x64.ActiveCfg = Debug|x64
		{4C35A303-6D1F-46C4-B22E-3E08F757D25E}.Debug|x64.Build.0 = Debug|x64
		{4C35A303-6D1F-46C4-B22E-3E08F757D25E}.Debug|x86.ActiveCfg = Debug|Win32
		{4C35A303-6D1F-46C4-B22E-3E08F757D25E}.Debug|x86.Build.0 = Debug|Win32
		{4C35A303-6D1F-46C4-B22E-3E08F757D25E}.Release|x64.ActiveCfg = Release|x64
		{4C35A303-6D1F-46C4-B22E-3E08F757D25E}.Release|x64.Build.0 = Release|x64
		{4C35A303-6D1F-46C4-B22E-3E08F757D25E}.Release|x86.ActiveCfg = Release|Win32
		{4C35A303-6D1F-46C4-B22E-3E08F757D25E}.Release|x86.Build.0 = Release|Win32
		{9B36670D-6671-4A03-8853-088F40C9C6D9}.Debug|x64.ActiveCfg = Debug|x64
		{9B36670D-6671-4A03-8853-088F40C9C6D9}.Debug|x64.Build.0 = Debug|x64
		{9B36670D-6671-4A03-8853-088F40C9C6D9}.Debug|x86.ActiveCfg = Debug|Win32
		{9B36670D-6671-4A03-8853-088F40C9C6D9}.Debug|x86.Build.0 = Debug|Win32
		{9B36670D-6671-4A03-8853-088F40C9C6D9}.Release|x64.ActiveCfg = Release|x64
		{9B36670D-6671-4A03-8853-088F40C9C6D9}.Release|x64.Build.0 = Release|x64
		{9B36670D-6671-4A03-8853-088F40C9C6D9}.Release|x86.ActiveCfg = Release|Win32
		{9B36670D-6671-4A03-8853-088F40C9C6D9}.Release|x86.Build.0 = Release|Win32
		{543713F6-8F4A-4B83-8F3A-DEB77FD844CC}.Debug|x64.ActiveCfg = Debug|x64
		{543713F6-8F4A-4B83-8F3A-DEB77FD844CC}.Debug|x64.Build.0 = Debug|x64
		{543713F6-8F4A-4B83-8F3A-DEB77FD844CC}.Debug|x86.ActiveCfg = Debug|Win32
		{543713F6-8F4A-4B83-8F3A-DEB77FD844CC}.Debug|x86.Build.0 = Debug|Win32
		{543713F6-8F4A-4B83-8F3A-DEB77FD844CC}.Release|x64.ActiveCfg = Release|x64
		{543713F6-8F4A-4B83-8F3A-DEB77FD844CC}.Release|x64.Build.0 = Release|x64
		{543713F6-8F4A-4B83-8F3A-DEB77FD844CC}.Release|x86.ActiveCfg = Release|Win32
		{543713F6-8F4A-4B83-8F3A-DEB77FD844CC}.Release|x86.Build.0 = Release|Win32
		{E4FF7DA2-5650-46C8-BA23-40E662AD332E}.Debug|x64.ActiveCfg = Debug|x64
		{E4FF7DA2-5650-46C8-BA23-40E662AD332E}.Debug|x64.Build.0 = Debug|x64
		{E4FF7DA2-5650-46C8-BA23-40E662AD332E}.Debug|x86.ActiveCfg = Debug|Win32
		{E4FF7DA2-5650-46C8-BA23-40E662AD332E}.Debug|x86.Build.0 = Debug|Win32
		{E4FF7DA2-5650-46C8-BA23-40E662AD332E}.Release|x64.ActiveCfg = Release|x64
		{E4FF7DA2-5650-46C8-BA23-40E662AD332E}.Release|x64.Build.0 = Release|x64
		{E4FF7DA2-5650-46C8-BA23-40E662AD332E}.Release|x86.ActiveCfg = Release|Win32
		{E4FF7DA2-5650-46C8-BA23-40E662AD332E}.Release|x86.Build.0 = Release|Win32
		{9297E8D9-18B7-4857-8D8A-A75C732E3E63}.Debug|x64.ActiveCfg = Debug|x64
		{9297E8D9-18B7-4857-8D8A-A75C732E3E63}.Debug|x64.Build.0 = Debug|x64
		{9297E8D9-18B7-4857-8D8A-A75C732E3E63}.Debug|x86.ActiveCfg = Debug|Win32
		{9297E8D9-18B7-4857-8D8A-A75C732E3E63}.Debug|x86.Build.0 = Debug|Win32
		{9297E8D9-18B7-4857-8D8A-A75C732E3E63}.Release|x64.ActiveCfg = Release|x64
		{9297E8D9-18B7-4857-8D8A-A75C732E3E63}.Release|x64.Build.0 = Release|x64
		{9297E8D9-18B7-4857-8D8A-A75C732E3E63}.Release|x86.ActiveCfg = Release|Win32
		{9297E8D9-18B7-4857-8D8A-A75C732E3E63}.Release|x86.Build.0 = Release|Win32
		{E991D6CD-C26E-408E-8326-604A6D02A939}.Debug|x64.ActiveCfg = Debug|x64
		{E991D6CD-C26E-408E-8326-604A6D02A939}.Debug|x64.Build.0 = Debug|x64
		{E991D6CD-C26E-408E-8326-604A6D02A939}.Debug|x86.ActiveCfg = Debug|Win32
		{E991D6CD-C26E-408E-8326-604A6D02A939}.Debug|x86.Build.0 = Debug|Win32
		{E991D6CD-C26E-408E-8326-604A6D02A939}.Release|x64.ActiveCfg = Release|x64
		{E991D6CD-C26E-408E-8326-604A6D02A939}.Release|x64.Build.0 = Release|x64
		{E991D6CD-C26E-408E-8326-604A6D02A939}.Release|x86.ActiveCfg = Release|Win32
		{E991D6CD-C26E-408E-8326-604A6D02A939}.Release|x86.Build.0 = Release|Win32
		{C175533D-D16F-4C4C-9001-6A7322516EC2}.Debug|x64.ActiveCfg = Debug|x64
		{C175533D-D16F-4C4C-9001-6A7322516EC2}.Debug|x64.Build.0 = Debug|x64
		{C175533D-D16F-4C4C-9001-6A7322516EC2}.Debug|x86.ActiveCfg = Debug|Win32
		{C175533D-D16F-4C4C-9001-6A7322516EC2}.Debug|x86.Build.0 = Debug|Win32
		{C175533D-D16F-4C4C-9001-6A7322516EC2}.Release|x64.ActiveCfg = Release|x64
		{C175533D-D16F-4C4C-9001-6A7322516EC2}.Release|x64.Build.0 = Release|x64
		{C175533D-D16F-4C4C-9001-6A7322516EC2}.Release|x86.ActiveCfg = Release|Win32
		{C175533D-D16F-4C4C-9001-6A7322516EC2}.Release|x86.Build.0 = Release|Win32
		{6B40093F-3398-42FC-91CB-065E834D6E0A}.Debug|x64.ActiveCfg = Debug|x64
		{6B40093F-3398-42FC-91CB-065E834D6E0A}.Debug|x64.Build.0 = Debug|x64
		{6B40093F-3398-42FC-91CB-065E834D6E0A}.Debug|x86.ActiveCfg = Debug|Win32
		{6B40093F-3398-42FC-91CB-065E834D6E0A}.Debug|x86.Build.0 = Debug|Win32
		{6B40093F-3398-42FC-91CB-065E834D6E0A}.Release|x64.ActiveCfg = Release|x64
		{6B40093F-3398-42FC-91CB-065E834D6E0A}.Release|x64.Build.0 = Release|x64
		{6B40093F-3398-42FC-91CB-065E834D6E0A}.Release|x86.ActiveCfg = Release|Win32
		{6B40093F-3398-42FC-91CB-065E834D6E0A}.Release|x86.Build.0 = Release|Win32
		{39E1C9BF-6D16-44DB-AF5A-B53854B015F0}.Debug|x64.ActiveCfg = Debug|x64
		{39E1C9BF-6D16-44DB-AF5A-B53854B015F0}.Debug|x64.Build.0 = Debug|x64
		{39E1C9BF-6D16-44DB-AF5A-B53854B015F0}.Debug|x86.ActiveCfg = Debug|Win32
		{39E1C9BF-6D16-44DB-AF5A-B53854B015F0}.Debug|x86.Build.0 = Debug|Win32
		{39E1C9BF-6D16-44DB-AF5A-B53854B015F0}.Release|x64.ActiveCfg = Release|x64
		{39E1C9BF-6D16-44DB-AF5A-B53854B015F0}.Release|x64.Build.0 = Release|x64
		{39E1C9BF-6D16-44DB-AF5A-B53854B015F0}.Release|x86.ActiveCfg = Release|Win32
		{39E1C9BF-6D16-44DB-AF5A-B53854B015F0}.Release|x86.Build.0 = Release|Win32
		{7D00FB70-2106-4833-B9B2-90230DAFA110}.Debug|x64.ActiveCfg = Debug|x64
		{7D00FB70-2106-4833-B9B2-90230DAFA110}.Debug|x64.Build.0 = Debug|x64
		{7D00FB70-2106-4833-B9B2-90230DAFA110}.Debug|x86.ActiveCfg = Debug|Win32
		{7D00FB70-2106-4833-B9B2-90230DAFA110}.Debug|x86.Build.0 = Debug|Win32
		{7D00FB70-2106-4833-B9B2-90230DAFA110}.Release|x64.ActiveCfg = Release|x64
		{7D00FB70-2106-4833-B9B2-90230DAFA110}.Release|x64.Build.0 = Release|x64
		{7D00FB70-2106-4833-B9B2-90230DAFA110}.Release|x86.ActiveCfg = Release|Win32
		{7D00FB70-2106-4833-B9B2-90230DAFA110}.Release|x86.Build.0 = Release|Win32
		{6CFC1A30-1024-406D-A192-D4373053B626}.Debug|x64.ActiveCfg = Debug|x64
		{6CFC1A30-1024-406D-A192-D4373053B626}.Debug|x64.Build.0 = Debug|x64
		{6CFC1A30-1024-406D-A192-D4373053B626}.Debug|x86.ActiveCfg = Debug|Win32
		{6CFC1A30-1024-406D-A192-D4373053B626}.Debug|x86.Build.0 = Debug|Win32
		{6CFC1A30-1024-406D-A192-D4373053B626}.Release|x64.ActiveCfg = Release|x64
		{6CFC1A30-1024-406D-A192-D4373053B626}.Release|x64.Build.0 = Release|x64
		{6CFC1A30-1024-406D-A192-D4373053B626}.Release|x86.ActiveCfg = Release|Win32
		{6CFC1A30-1024-406D-A192-D4373053B626}.Release|x86.Build.0 = Release|Win32
		{BD1F5C97-FB76-4E3E-BAAC-A9D19642B853}.Debug|x64.ActiveCfg = Debug|x64
		{BD1F5C97-FB76-4E3E-BAAC-A9D19642B853}.Debug|x64.Build.0 = Debug|x64
		{BD1F5C97-FB76-4E3E-BAAC-A9D19642B853}.Debug|x86.ActiveCfg = Debug|Win32
		{BD1F5C97-FB76-4E3E-BAAC-A9D19642B853}.Debug|x86.Build.0 = Debug|Win32
		{BD1F5C97-FB76-4E3E-BAAC-A9D19642B853}.Release|x64.ActiveCfg = Release|x64
		{BD1F5C97-FB76-4E3E-BAAC-A9D19642B853}.Release|x64.Build.0 = Release|x64
		{BD1F5C97-FB76-4E3E-BAAC-A9D19642B853}.Release|x86.ActiveCfg = Release|Win32
		{BD1F5C97-FB76-4E3E-BAAC-A9D19642B853}.Release|x86.Build.0 = Release|Win32
		{643C0E28-7A72-4C8B-8099-DE9790B62C68}.Debug|x64.ActiveCfg = Debug|x64
		{643C0E28-7A72-4C8B-8099-DE9790B62C68}.Debug|x64.Build.0 = Debug|x64
		{643C0E28-7A72-4C8B-8099-DE9790B62C68}.Debug|x86.ActiveCfg = Debug|Win32
		{643C0E28-7A72-4C8B-8099-DE9790B62C68}.Debug|x86.Build.0 = Debug|Win32
		{643C0E28-7A72-4C8B-8099-DE9790B62C68}.Release|x64.ActiveCfg = Release|x64
		{643C0E28-7A72-4C8B-8099-DE9790B62C68}.Release|x64.Build.0 = Release|x64
		{643C0E28-7A72-4C8B-8099-DE9790B62C68}.Release|x86.ActiveCfg = Release|Win32
		{643C0E28-7A72-4C8B-8099-DE9790B62C68}.Release|x86.Build.0 = Release|Win32
		{770CF292-8A24-45D6-A16D-26666C4F1434}.Debug|x64.ActiveCfg = Debug|x64
		{770CF292-8A24-45D6-A16D-26666C4F1434}.Debug|x64.Build.0 = Debug|x64
		{770CF292-8A24-45D6-A16D-26666C4F1434}.Debug|x86.ActiveCfg = Debug|Win32
		{770CF292-8A24-45D6-A16D-26666C4F1434}.Debug|x86.Build.0 = Debug|Win32
		{770CF292-8A24-45D6-A16D-26666C4F1434}.Release|x64.ActiveCfg = Release|x64
		{770CF292-8A24-45D6-A16D-26666C4F1434}.Release|x64.Build.0 = Release|x64
		{770CF292-8A24-45D6-A16D-26666C4F1434}.Release|x86.ActiveCfg = Release|Win32
		{770CF292-8A24-45D6-A16D-26666C4F1434}.Release|x86.Build.0 = Release|Win32
		{5CD56E7E-C317-4426-8A48-1D44CFB2EA64}.Debug|x64.ActiveCfg = Debug|x64
		{5CD56E7E-C317-4426-8A48-1D44CFB2EA64}.Debug|x64.Build.0 = Debug|x64
		{5CD56E7E-C317-4426-8A48-1D44CFB2EA64}.Debug|x86.ActiveCfg = Debug|Win32
		{5CD56E7E-C317-4426-8A48-1D44CFB2EA64}.Debug|x86.Build.0 = Debug|Win32
		{5CD56E7E-C317-4426-8A48-1D44CFB2EA64}.Release|x64.ActiveCfg = Release|x64
		{5CD56E7E-C317-4426-8A48-1D44CFB2EA64}.Release|x64.Build.0 = Release|x64
		{5CD56E7E-C317-4426-8A48-1D44CFB2EA64}.Release|x86.ActiveCfg = Release|Win32
		{5CD56E7E-C317-4426-8A48-1D44CFB2EA64}.Release|x86.Build.0 = Release|Win32
		{99A491BA-BBA8-474B-B744-20863867A857}.Debug|x64.ActiveCfg = Debug|x64
		{99A491BA-BBA8-474B-B744-20863867A857}.Debug|x64.Build.0 = Debug|x64
		{99A491BA-BBA8-474B-B744-20863867A857}.Debug|x86.ActiveCfg = Debug|Win32
		{99A491BA-BBA8-474B-B744-20863867A857}.Debug|x86.Build.0 = Debug|Win32
		{99A491BA-BBA8-474B-B744-20863867A857}.Release|x64.ActiveCfg = Release|x64
		{99A491BA-BBA8-474B-B744-20863867A857}.Release|x64.Build.0 = Release|x64
		{99A491BA-BBA8-474B-B744-20863867A857}.Release|x86.ActiveCfg = Release|Win32
		{99A491BA-BBA8-474B-B744-20863867A857}.Release|x86.Build.0 = Release|Win32
		{025F4797-F6CB-4976-966C-B8B145039D16}.Debug|x64.ActiveCfg = Debug|x64
		{025F4797-F6CB-4976-966C-B8B145039D16}.Debug|x64.Build.0 = Debug|x64
		{025F4797-F6CB-4976-966C-B8B145039D16}.Debug|x86.ActiveCfg = Debug|Win32
		{025F4797-F6CB-4976-966C-B8B145039D16}.Debug|x86.Build.0 = Debug|Win32
		{025F4797-F6CB-4976-966C-B8B145039D16}.Release|x64.ActiveCfg = Release|x64
		{025F4797-F6CB-4976-966C-B8B145039D16}.Release|x64.Build.0 = Release|x64
		{025F4797-F6CB-4976-966C-B8B145039D16}.Release|x86.ActiveCfg = Release|Win32
		{025F4797-F6CB-4976-966C-B8B145039D16}.Release|x86.Build.0 = Release|Win32
	EndGlobalSection
	GlobalSection(SolutionProperties) = preSolution
		HideSolutionNode = FALSE
	EndGlobalSection
	GlobalSection(NestedProjects) = preSolution
		{635A2F85-1747-46A4-9408-C11E48640FD4} = {C16D6B05-1A04-4E6D-9B80-06DB4CDCB3D7}
		{7B5B7248-5F9C-4E4D-A4B0-F6491BDA10E9} = {C16D6B05-1A04-4E6D-9B80-06DB4CDCB3D7}
		{04A55D67-4B4E-466A-A961-11C2D9C402F3} = {C16D6B05-1A04-4E6D-9B80-06DB4CDCB3D7}
		{C436069D-C3BC-4E89-8767-D4AE85DE52FF} = {C16D6B05-1A04-4E6D-9B80-06DB4CDCB3D7}
		{62E25874-715A-4937-93DE-408C9E7BC987} = {C16D6B05-1A04-4E6D-9B80-06DB4CDCB3D7}
		{A71662C9-496F-4075-AA9F-068137D81AAF} = {C16D6B05-1A04-4E6D-9B80-06DB4CDCB3D7}
		{9099AA06-2081-4E59-938E-8EE45B6EEEFA} = {C16D6B05-1A04-4E6D-9B80-06DB4CDCB3D7}
		{4C35A303-6D1F-46C4-B22E-3E08F757D25E} = {C16D6B05-1A04-4E6D-9B80-06DB4CDCB3D7}
		{9B36670D-6671-4A03-8853-088F40C9C6D9} = {C16D6B05-1A04-4E6D-9B80-06DB4CDCB3D7}
		{543713F6-8F4A-4B83-8F3A-DEB77FD844CC} = {C16D6B05-1A04-4E6D-9B80-06DB4CDCB3D7}
		{E4FF7DA2-5650-46C8-BA23-40E662AD332E} = {C16D6B05-1A04-4E6D-9B80-06DB4CDCB3D7}
		{9297E8D9-18B7-4857-8D8A-A75C732E3E63} = {C16D6B05-1A04-4E6D-9B80-06DB4CDCB3D7}
		{E991D6CD-C26E-408E-8326-604A6D02A939} = {C16D6B05-1A04-4E6D-9B80-06DB4CDCB3D7}
		{C175533D-D16F-4C4C-9001-6A7322516EC2} = {C16D6B05-1A04-4E6D-9B80-06DB4CDCB3D7}
		{6B40093F-3398-42FC-91CB-065E834D6E0A} = {C16D6B05-1A04-4E6D-9B80-06DB4CDCB3D7}
		{39E1C9BF-6D16-44DB-AF5A-B53854B015F0} = {C16D6B05-1A04-4E6D-9B80-06DB4CDCB3D7}
		{7D00FB70-2106-4833-B9B2-90230DAFA110} = {C16D6B05-1A04-4E6D-9B80-06DB4CDCB3D7}
		{6CFC1A30-1024-406D-A192-D4373053B626} = {C16D6B05-1A04-4E6D-9B80-06DB4CDCB3D7}
		{643C0E28-7A72-4C8B-8099-DE9790B62C68} = {C16D6B05-1A04-4E6D-9B80-06DB4CDCB3D7}
		{99A491BA-BBA8-474B-B744-20863867A857} = {C16D6B05-1A04-4E6D-9B80-06DB4CDCB3D7}
	EndGlobalSection
	GlobalSection(ExtensibilityGlobals) = postSolution
		SolutionGuid = {5AC1D8AF-CF9B-4F8B-914A-24992F999EBA}
	EndGlobalSection
EndGlobal
